
Microsoft Visual Studio Solution File, Format Version 12.00
Project("{FAE04EC0-301F-11D3-BF4B-00C04F79EFBC}") = "BackendThingi.Api", "src\BackendThingi.Api\BackendThingi.Api.csproj", "{EA42D319-A459-405A-B599-650C2C5FF7F4}"
EndProject
Global
	GlobalSection(SolutionConfigurationPlatforms) = preSolution
		Debug|Any CPU = Debug|Any CPU
		Release|Any CPU = Release|Any CPU
	EndGlobalSection
	GlobalSection(ProjectConfigurationPlatforms) = postSolution
		{EA42D319-A459-405A-B599-650C2C5FF7F4}.Debug|Any CPU.ActiveCfg = Debug|Any CPU
		{EA42D319-A459-405A-B599-650C2C5FF7F4}.Debug|Any CPU.Build.0 = Debug|Any CPU
		{EA42D319-A459-405A-B599-650C2C5FF7F4}.Release|Any CPU.ActiveCfg = Release|Any CPU
		{EA42D319-A459-405A-B599-650C2C5FF7F4}.Release|Any CPU.Build.0 = Release|Any CPU
	EndGlobalSection
EndGlobal
